
Microsoft Visual Studio Solution File, Format Version 12.00
# Visual Studio Version 17
VisualStudioVersion = 17.2.32630.192
MinimumVisualStudioVersion = 10.0.40219.1
Project("{FAE04EC0-301F-11D3-BF4B-00C04F79EFBC}") = "Assignment1", "Assignment\Assignment1.csproj", "{7D857654-A42F-4A50-8C00-EBBAE469A422}"
EndProject
Global
	GlobalSection(SolutionConfigurationPlatforms) = preSolution
		Debug|Any CPU = Debug|Any CPU
		Release|Any CPU = Release|Any CPU
	EndGlobalSection
	GlobalSection(ProjectConfigurationPlatforms) = postSolution
		{7D857654-A42F-4A50-8C00-EBBAE469A422}.Debug|Any CPU.ActiveCfg = Debug|Any CPU
		{7D857654-A42F-4A50-8C00-EBBAE469A422}.Debug|Any CPU.Build.0 = Debug|Any CPU
		{7D857654-A42F-4A50-8C00-EBBAE469A422}.Release|Any CPU.ActiveCfg = Release|Any CPU
		{7D857654-A42F-4A50-8C00-EBBAE469A422}.Release|Any CPU.Build.0 = Release|Any CPU
	EndGlobalSection
	GlobalSection(SolutionProperties) = preSolution
		HideSolutionNode = FALSE
	EndGlobalSection
	GlobalSection(ExtensibilityGlobals) = postSolution
		SolutionGuid = {A8D4D596-795F-40A7-A15B-58CD4CBAE662}
	EndGlobalSection
EndGlobal
